
Microsoft Visual Studio Solution File, Format Version 12.00
# Visual Studio Version 17
VisualStudioVersion = 17.9.34616.47
MinimumVisualStudioVersion = 10.0.40219.1
Project("{9A19103F-16F7-4668-BE54-9A1E7A4F7556}") = "Calculadora.Console", "Calculadora.Console.csproj", "{095B4153-2F38-4D86-9B07-C787B5E8269A}"
EndProject
Global
	GlobalSection(SolutionConfigurationPlatforms) = preSolution
		Debug|Any CPU = Debug|Any CPU
		Release|Any CPU = Release|Any CPU
	EndGlobalSection
	GlobalSection(ProjectConfigurationPlatforms) = postSolution
		{095B4153-2F38-4D86-9B07-C787B5E8269A}.Debug|Any CPU.ActiveCfg = Debug|Any CPU
		{095B4153-2F38-4D86-9B07-C787B5E8269A}.Debug|Any CPU.Build.0 = Debug|Any CPU
		{095B4153-2F38-4D86-9B07-C787B5E8269A}.Release|Any CPU.ActiveCfg = Release|Any CPU
		{095B4153-2F38-4D86-9B07-C787B5E8269A}.Release|Any CPU.Build.0 = Release|Any CPU
	EndGlobalSection
	GlobalSection(SolutionProperties) = preSolution
		HideSolutionNode = FALSE
	EndGlobalSection
	GlobalSection(ExtensibilityGlobals) = postSolution
		SolutionGuid = {479C3903-4B2C-4AE1-A9C1-F41D2C4B8A14}
	EndGlobalSection
EndGlobal
